github.com/go-audio/audio v1.0.0 h1:zS9vebldgbQqktK4H0lUqWrG8P0NxCJVqcj7ZpNnwd4=
github.com/go-audio/audio v1.0.0/go.mod h1:6uAu0+H2lHkwdGsAY+j2wHPNPpPoeg5AaEFh9FlA+Zs=
github.com/go-audio/riff v1.0.0 h1:d8iCGbDvox9BfLagY94fBynxSPHO80LmZCaOsmKxokA=
github.com/go-audio/riff v1.0.0/go.mod h1:l3cQwc85y79NQFCRB7TiPoNiaijp6q8Z0Uv38rVG498=
github.com/go-audio/wav v1.0.0 h1:WdSGLhtyud6bof6XHL28xKeCQRzCV06pOFo3LZsFdyE=
github.com/go-audio/wav v1.0.0/go.mod h1:3yoReyQOsiARkvPl3ERCi8JFjihzG6WhjYpZCf5zAWE=
github.com/gordonklaus/portaudio v0.0.0-20200911161147-bb74aa485641 h1:B7ADnac3Yy6Vtcp2mstnsjUtarYcjy4AL0R6eNEhZAk=
github.com/gordonklaus/portaudio v0.0.0-20200911161147-bb74aa485641/go.mod h1:HfYnZi/ARQKG0dwH5HNDmPCHdLiFiBf+SI7DbhW7et4=
pipelined.dev/audio/wav v0.6.1 h1:Sa5zTQl/aq8tEn3Gu0k7IsYEXnSNrJWFLhZ6zDkgDCo=
pipelined.dev/audio/wav v0.6.1/go.mod h1:AZLsgGPkmAUIwAayK6R3me7pTSqiOwV3gZT/tFoaeE8=
pipelined.dev/pipe v0.10.0 h1:qDYvTB5PjqV7xn5YTL7JYqA+I1bDNC0sxUGMVeoB8Pg=
pipelined.dev/pipe v0.10.0/go.mod h1:aIt+NPlW0QLYByqYniG77lTxSvl7OtCNLws/m+Xz5ww=
pipelined.dev/signal v0.10.0 h1:7O1bdYHG6MeXYthNKsXB++jx2UkUPiicwE/MMwdgYRc=
pipelined.dev/signal v0.10.0/go.mod h1:wi0YlA20+rinS9o+7IMZHH3/YsO3jkahHNLSCCfaEA0=
